{
  "lockfileVersion": 1,
  "configVersion": 1,
  "workspaces": {
    "": {
      "name": "elysian",
      "devDependencies": {
        "@biomejs/biome": "^2.3.11",
        "@clack/prompts": "^1.7.0",
        "@elysiajs/static": "^1.4.10",
        "@elysian/console": "workspace:*",
        "@elysian/contracts": "workspace:*",
        "@elysian/core": "workspace:*",
        "@elysian/support": "workspace:*",
        "@elysian/view": "workspace:*",
        "@types/bun": "^1.3.12",
        "edge.js": "^6.5.1",
        "elysia": "^1.4.29",
        "picocolors": "^1.1.1",
        "typescript": "^5.9.3",
      },
    },
    "packages/console": {
      "name": "@elysian/console",
      "version": "0.0.1",
      "dependencies": {
        "@clack/prompts": "^1.7.0",
        "@elysian/contracts": "workspace:*",
        "@elysian/core": "workspace:*",
        "@elysian/support": "workspace:*",
        "picocolors": "^1.1.1",
      },
      "peerDependencies": {
        "elysia": ">=1.4.0",
      },
    },
    "packages/contracts": {
      "name": "@elysian/contracts",
      "version": "0.0.1",
      "peerDependencies": {
        "elysia": ">=1.4.0",
      },
    },
    "packages/core": {
      "name": "@elysian/core",
      "version": "0.0.1",
      "dependencies": {
        "@elysian/contracts": "workspace:*",
        "@elysian/support": "workspace:*",
      },
      "peerDependencies": {
        "elysia": ">=1.4.0",
      },
    },
    "packages/create-elysian": {
      "name": "create-elysian",
      "version": "0.0.1",
      "bin": {
        "create-elysian": "./src/index.ts",
      },
      "dependencies": {
        "@clack/prompts": "^1.7.0",
        "picocolors": "^1.1.1",
      },
    },
    "packages/support": {
      "name": "@elysian/support",
      "version": "0.0.1",
    },
    "packages/view": {
      "name": "@elysian/view",
      "version": "0.0.1",
      "dependencies": {
        "@elysiajs/static": "^1.4.10",
        "@elysian/contracts": "workspace:*",
        "@elysian/core": "workspace:*",
        "edge.js": "^6.5.1",
      },
      "peerDependencies": {
        "elysia": ">=1.4.0",
      },
    },
    "playground": {
      "name": "playground",
      "dependencies": {
        "@elysian/console": "workspace:*",
        "@elysian/contracts": "workspace:*",
        "@elysian/core": "workspace:*",
        "@elysian/support": "workspace:*",
        "@elysian/view": "workspace:*",
        "elysia": "^1.4.29",
      },
      "devDependencies": {
        "@types/bun": "^1.3.12",
        "typescript": "^5.9.3",
      },
    },
  },
  "packages": {
    "@biomejs/biome": ["@biomejs/biome@2.5.7", "", { "optionalDependencies": { "@biomejs/cli-darwin-arm64": "2.5.7", "@biomejs/cli-darwin-x64": "2.5.7", "@biomejs/cli-linux-arm64": "2.5.7", "@biomejs/cli-linux-arm64-musl": "2.5.7", "@biomejs/cli-linux-x64": "2.5.7", "@biomejs/cli-linux-x64-musl": "2.5.7", "@biomejs/cli-win32-arm64": "2.5.7", "@biomejs/cli-win32-x64": "2.5.7" }, "bin": { "biome": "bin/biome" } }, "sha512-zr8K/DcY5tYsQOQwqMJ0AWElo6QgmgNI7idXgXLhevVszlt8RGVpesEJPqx3ThazLaOwjJ5Y8fz3BtH5fGZNsw=="],

    "@biomejs/cli-darwin-arm64": ["@biomejs/cli-darwin-arm64@2.5.7", "", { "os": "darwin", "cpu": "arm64" }, "sha512-vxo/Ls3/PYdQWyLhYYcgMOCzQypAjcY+iihS8M0wW03l16TCLW4zqZzGo75gm1VdCMj38hTVZ31KBWrZ4G9dJw=="],

    "@biomejs/cli-darwin-x64": ["@biomejs/cli-darwin-x64@2.5.7", "", { "os": "darwin", "cpu": "x64" }, "sha512-Cd3Ga61amT/Yl/0x8elP5hhGYaFy4bw6WuysTgf7oo8TA5tJ5A1k+DkVoJ2BHbTVil51gTX9VPzArnrlLJ3Kyg=="],

    "@biomejs/cli-linux-arm64": ["@biomejs/cli-linux-arm64@2.5.7", "", { "os": "linux", "cpu": "arm64" }, "sha512-rR2QE0yF2GYSuYuKIa7pKvODGJqnOH+2eDREAM8wV+mWKSkMQKdAp4zXEZfTaxY8PMoNONnpgSWcBCyLDPDOKg=="],

    "@biomejs/cli-linux-arm64-musl": ["@biomejs/cli-linux-arm64-musl@2.5.7", "", { "os": "linux", "cpu": "arm64" }, "sha512-xPI5yB6XlpDbNkS+bm1t42olw5c4l3UrlOmLg7KtLJvjvkNF/1V4tnUgfkylGIeb3u/T+BzMGYqgQhzjAoJzuQ=="],

    "@biomejs/cli-linux-x64": ["@biomejs/cli-linux-x64@2.5.7", "", { "os": "linux", "cpu": "x64" }, "sha512-FQgqJhscrqJUFptGaRSUJWlXAExwWcDwLuK49dvKfkQ1bB5SEEyFssnsxQY83Xm6jR0EbbX3+8+D5bfvYqUG2Q=="],

    "@biomejs/cli-linux-x64-musl": ["@biomejs/cli-linux-x64-musl@2.5.7", "", { "os": "linux", "cpu": "x64" }, "sha512-rE5VZi+qtmPgQH+l7jVxYoZ18b/TiHEhulhMpjmCZH1PltSbjRcxNWywC3HZ9tYottG7ORkeTtoscBilKSBm0g=="],

    "@biomejs/cli-win32-arm64": ["@biomejs/cli-win32-arm64@2.5.7", "", { "os": "win32", "cpu": "arm64" }, "sha512-Oq4x0CCwP4jirrcTywXs5kOGZ4v5vuEP+gWrbtjApOA2CL9F3F9GlIdQIci8AKSCa/zURanMRpX/4wQ7Am6hHg=="],

    "@biomejs/cli-win32-x64": ["@biomejs/cli-win32-x64@2.5.7", "", { "os": "win32", "cpu": "x64" }, "sha512-V+0wu/nrj2S+MhP4EQ0uHNolP0IALEsz45pg0WoKkHfDeh0+ItHwP/p7bX5RPoMOl9NkpHYWdYPhIcy2mACHvQ=="],

    "@borewit/text-codec": ["@borewit/text-codec@0.2.2", "", {}, "sha512-DDaRehssg1aNrH4+2hnj1B7vnUGEjU6OIlyRdkMd0aUdIUvKXrJfXsy8LVtXAy7DRvYVluWbMspsRhz2lcW0mQ=="],

    "@clack/core": ["@clack/core@1.4.3", "", { "dependencies": { "fast-wrap-ansi": "^0.2.0", "sisteransi": "^1.0.5" } }, "sha512-/kr3UWNtdJfxZtPgDqUOmG2pvwlmcLGheex5yiZKdwbzZJxhV+HMNR9QNmyY5cGwTNV6LrR7Jtp+KjhUAP1qBQ=="],

    "@clack/prompts": ["@clack/prompts@1.7.0", "", { "dependencies": { "@clack/core": "1.4.3", "fast-string-width": "^3.0.2", "fast-wrap-ansi": "^0.2.0", "sisteransi": "^1.0.5" } }, "sha512-y7/yvZ2TPAnR9+jnc00klvNNLkJiXFFrQA/hlLCcxA9a2A4zQIOimyFQ9XfwYKiGD1fb5GY8vbKIIgO8d5Tb2A=="],

    "@elysiajs/static": ["@elysiajs/static@1.4.10", "", { "peerDependencies": { "elysia": ">= 1.4.0" } }, "sha512-BN/3PZVWjqkL/6TM7RH69Pae89CfU0OqfEYPeBp2hB/GR5Euds39Wy+0ug9Vbvu++GG4tRRANf2QjaLnriJveg=="],

    "@elysian/console": ["@elysian/console@workspace:packages/console"],

    "@elysian/contracts": ["@elysian/contracts@workspace:packages/contracts"],

    "@elysian/core": ["@elysian/core@workspace:packages/core"],

    "@elysian/support": ["@elysian/support@workspace:packages/support"],

    "@elysian/view": ["@elysian/view@workspace:packages/view"],

    "@poppinss/exception": ["@poppinss/exception@1.2.3", "", {}, "sha512-dCED+QRChTVatE9ibtoaxc+WkdzOSjYTKi/+uacHWIsfodVfpsueo3+DKpgU5Px8qXjgmXkSvhXvSCz3fnP9lw=="],

    "@poppinss/inspect": ["@poppinss/inspect@1.0.1", "", {}, "sha512-kLeEaBSGhlleyYvKc7c9s3uE6xv7cwyulE0EgHf4jU/CL96h0yC4mkdw1wvC1l1PYYQozCGy46FwMBAAMOobCA=="],

    "@poppinss/macroable": ["@poppinss/macroable@1.1.2", "", {}, "sha512-FAVBRzzWhYP5mA3lCwLH1A0fKBqq5anyjGet90Z81aRK5c/+LTGUE1zJhZrErjaenBSOOI9BVUs3WVmotneFQA=="],

    "@poppinss/object-builder": ["@poppinss/object-builder@1.1.0", "", {}, "sha512-FOrOq52l7u8goR5yncX14+k+Ewi5djnrt1JwXeS/FvnwAPOiveFhiczCDuvXdssAwamtrV2hp5Rw9v+n2T7hQg=="],

    "@poppinss/string": ["@poppinss/string@1.7.2", "", { "dependencies": { "@types/pluralize": "^0.0.33", "case-anything": "^3.1.2", "pluralize": "^8.0.0", "slugify": "^1.6.9" } }, "sha512-A182GLDfi36iDCbhDrHB0xzrPM1fO3GHnhCDIdadf8C6eycgct4m7zusbLwEh6GPaj2Pz5BVos7XK16w7tZ7wQ=="],

    "@poppinss/types": ["@poppinss/types@1.2.1", "", {}, "sha512-qUYnzl0m9HJTWsXtr8Xo7CwDx6wcjrvo14bOVbIMIlKJCzKrm3LX55dRTDr1/x4PpSvKVgmxvC6Ly2YiqXKOvQ=="],

    "@poppinss/utils": ["@poppinss/utils@7.0.1", "", { "dependencies": { "@poppinss/exception": "^1.2.3", "@poppinss/object-builder": "^1.1.0", "@poppinss/string": "^1.7.1", "@poppinss/types": "^1.2.1", "flattie": "^1.1.1" } }, "sha512-mveSvLI2YPC114mK5HCuSYfUtjpClf1wHG1VCqZJCp4U2ypPhIt62Iku5urh0kPAFvnvCVHx2bXBSH14qMTOlQ=="],

    "@sinclair/typebox": ["@sinclair/typebox@0.34.52", "", {}, "sha512-XiMQh7qqVlxZzcVD+kkGMNGMzcTrDMLWI7S4x7z1MkCkbDPrekpZXEUK0eZqZFMuHQg2a2DZOcDIh9o5v3Gonw=="],

    "@tokenizer/inflate": ["@tokenizer/inflate@0.4.1", "", { "dependencies": { "debug": "^4.4.3", "token-types": "^6.1.1" } }, "sha512-2mAv+8pkG6GIZiF1kNg1jAjh27IDxEPKwdGul3snfztFerfPGI1LjDezZp3i7BElXompqEtPmoPx6c2wgtWsOA=="],

    "@tokenizer/token": ["@tokenizer/token@0.3.0", "", {}, "sha512-OvjF+z51L3ov0OyAU0duzsYuvO01PH7x4t6DJx+guahgTnBHkhJdG7soQeTSFLWN3efnHyibZ4Z8l2EuWwJN3A=="],

    "@types/bun": ["@types/bun@1.3.14", "", { "dependencies": { "bun-types": "1.3.14" } }, "sha512-h1hFqFVcvAvD9j9K7ZW7vd82aSA+rTdznZa+5bwvCwqSB1jmmfLcbIWhOLx1/+boy/xmjgCs/OMUL8hRJSmnPw=="],

    "@types/node": ["@types/node@26.2.0", "", { "dependencies": { "undici-types": "~8.3.0" } }, "sha512-5IviulTZeRNp2vAJ514cc/HUlY5nZ9fCbq9DMyC52BrhFZACo3nI0R7qBxhQmo/d27NFe96ur/b7Wwxklda+kg=="],

    "@types/pluralize": ["@types/pluralize@0.0.33", "", {}, "sha512-JOqsl+ZoCpP4e8TDke9W79FDcSgPAR0l6pixx2JHkhnRjvShyYiAYw2LVsnA7K08Y6DeOnaU6ujmENO4os/cYg=="],

    "acorn": ["acorn@8.18.0", "", { "bin": { "acorn": "bin/acorn" } }, "sha512-lGq+9yr1/GuAWaVYIHRjvvySG5/4VfKIvC8EWxStPdcDh/Ka7FG3twP6v4d5BkravUilhIAsG4Qj83t02LWUPQ=="],

    "astring": ["astring@1.9.0", "", { "bin": { "astring": "bin/astring" } }, "sha512-LElXdjswlqjWrPpJFg1Fx4wpkOCxj1TDHlSV4PlaRxHGWko024xICaa97ZkMfs6DRKlCguiAI+rbXv5GWwXIkg=="],

    "bun-types": ["bun-types@1.3.14", "", { "dependencies": { "@types/node": "*" } }, "sha512-4N0ig0fEomHt5R0KCFWjovxow98rIoRwKolrYdCcknNwMekCXRnWEUvgu5soYV8QXtVsrUD8B95MBOZGPvr6KQ=="],

    "case-anything": ["case-anything@3.1.2", "", {}, "sha512-wljhAjDDIv/hM2FzgJnYQg90AWmZMNtESCjTeLH680qTzdo0nErlCxOmgzgX4ZsZAtIvqHyD87ES8QyriXB+BQ=="],

    "cookie": ["cookie@1.1.1", "", {}, "sha512-ei8Aos7ja0weRpFzJnEA9UHJ/7XQmqglbRwnf2ATjcB9Wq874VKH9kfjjirM6UhU2/E5fFYadylyhFldcqSidQ=="],

    "create-elysian": ["create-elysian@workspace:packages/create-elysian"],

    "debug": ["debug@4.4.3", "", { "dependencies": { "ms": "^2.1.3" } }, "sha512-RGwwWnwQvkVfavKVt22FGLw+xYSdzARwm0ru6DhTVA3umU5hZc28V3kO4stgYryrTlLpuvgI9GiijltAjNbcqA=="],

    "edge-error": ["edge-error@4.0.2", "", {}, "sha512-jB76VYn8wapDHKHSOmP3vbKLoa77RJYsTLNmfl8+cuCD69uxZtP3h+kqV+Prw/YkYmN7yHyp4IApE15pDByk0A=="],

    "edge-lexer": ["edge-lexer@6.0.5", "", { "dependencies": { "edge-error": "^4.0.2" } }, "sha512-paSprHn8GRzOUWTVLapgacqDBSOpJgOY60/V5QQ8bbNLHRKUMSxp8Z2oOO0WKtcKmb5+sAlmvG3izhbFulp19A=="],

    "edge-parser": ["edge-parser@9.1.1", "", { "dependencies": { "acorn": "^8.16.0", "astring": "^1.9.0", "edge-error": "^4.0.2", "edge-lexer": "^6.0.5", "js-stringify": "^1.0.2" } }, "sha512-kem/vInJgTzHCABdFe060WGjyGva8j23QwVbZkNFXkNAQhRz3mga5kNBuPFYQ3t73nPT2vZ8WOGV4OCS0P16Cw=="],

    "edge.js": ["edge.js@6.5.1", "", { "dependencies": { "@poppinss/inspect": "^1.0.1", "@poppinss/macroable": "^1.1.2", "@poppinss/utils": "^7.0.1", "edge-error": "^4.0.2", "edge-lexer": "^6.0.5", "edge-parser": "^9.1.1", "he": "^1.2.0", "property-information": "^7.1.0", "stringify-attributes": "^4.0.0" } }, "sha512-+NgWA8KunEdhVB247GWdmqUZ3MSIExeUCAbWNgNvA0ONH43UL+a/l6AE8GsevT4beqVsbp4Q6USwSpfbnMqBkQ=="],

    "elysia": ["elysia@1.4.29", "", { "dependencies": { "cookie": "^1.1.1", "exact-mirror": "^0.2.7", "fast-decode-uri-component": "^1.0.1", "memoirist": "^0.4.0" }, "peerDependencies": { "@sinclair/typebox": ">= 0.34.0 < 1", "@types/bun": ">= 1.2.0", "file-type": ">= 20.0.0", "openapi-types": ">= 12.0.0", "typescript": ">= 5.0.0" }, "optionalPeers": ["@types/bun", "typescript"] }, "sha512-GwMRGGwSdjfPt+w3LA0fqTuYJtS8uVRJicvoar98/HrO5qdFKDc9CwjIb6Kja+v39lkY+58hr2JvdR9jQzlUuA=="],

    "escape-goat": ["escape-goat@4.0.0", "", {}, "sha512-2Sd4ShcWxbx6OY1IHyla/CVNwvg7XwZVoXZHcSu9w9SReNP1EzzD5T8NWKIR38fIqEns9kDWKUQTXXAmlDrdPg=="],

    "exact-mirror": ["exact-mirror@0.2.7", "", { "peerDependencies": { "@sinclair/typebox": "^0.34.15" }, "optionalPeers": ["@sinclair/typebox"] }, "sha512-+MeEmDcLA4o/vjK2zujgk+1VTxPR4hdp23qLqkWfStbECtAq9gmsvQa3LW6z/0GXZyHJobrCnmy1cdeE7BjsYg=="],

    "fast-decode-uri-component": ["fast-decode-uri-component@1.0.1", "", {}, "sha512-WKgKWg5eUxvRZGwW8FvfbaH7AXSh2cL+3j5fMGzUMCxWBJ3dV3a7Wz8y2f/uQ0e3B6WmodD3oS54jTQ9HVTIIg=="],

    "fast-string-truncated-width": ["fast-string-truncated-width@3.0.3", "", {}, "sha512-0jjjIEL6+0jag3l2XWWizO64/aZVtpiGE3t0Zgqxv0DPuxiMjvB3M24fCyhZUO4KomJQPj3LTSUnDP3GpdwC0g=="],

    "fast-string-width": ["fast-string-width@3.0.2", "", { "dependencies": { "fast-string-truncated-width": "^3.0.2" } }, "sha512-gX8LrtNEI5hq8DVUfRQMbr5lpaS4nMIWV+7XEbXk2b8kiQIizgnlr12B4dA3ZEx3308ze0O4Q1R+cHts8kyUJg=="],

    "fast-wrap-ansi": ["fast-wrap-ansi@0.2.2", "", { "dependencies": { "fast-string-width": "^3.0.2" } }, "sha512-7F2Fl+TjRSenLqlU3UjSH0iyqopqoZIu7eZVpEirP2g1GtWa2G/ecEmBdgz31+Mxr+ELclgg6sokpSFIQiZ02Q=="],

    "file-type": ["file-type@22.0.1", "", { "dependencies": { "@tokenizer/inflate": "^0.4.1", "strtok3": "^10.3.5", "token-types": "^6.1.2", "uint8array-extras": "^1.5.0" } }, "sha512-ww5Mhre0EE+jmBvOXTmXAbEMuZE7uX4a3+oRCQFNj8w++g3ev913N6tXQz0XTXbueQ5TWQfm6BdaViEHHn8bhA=="],

    "flattie": ["flattie@1.1.1", "", {}, "sha512-9UbaD6XdAL97+k/n+N7JwX46K/M6Zc6KcFYskrYL8wbBV/Uyk0CTAMY0VT+qiK5PM7AIc9aTWYtq65U7T+aCNQ=="],

    "he": ["he@1.2.0", "", { "bin": { "he": "bin/he" } }, "sha512-F/1DnUGPopORZi0ni+CvrCgHQ5FyEAHRLSApuYWMmrbSwoN2Mn/7k+Gl38gJnR7yyDZk6WLXwiGod1JOWNDKGw=="],

    "ieee754": ["ieee754@1.2.1", "", {}, "sha512-dcyqhDvX1C46lXZcVqCpK+FtMRQVdIMN6/Df5js2zouUsqG7I6sFxitIC+7KYK29KdXOLHdu9zL4sFnoVQnqaA=="],

    "js-stringify": ["js-stringify@1.0.2", "", {}, "sha512-rtS5ATOo2Q5k1G+DADISilDA6lv79zIiwFd6CcjuIxGKLFm5C+RLImRscVap9k55i+MOZwgliw+NejvkLuGD5g=="],

    "memoirist": ["memoirist@0.4.0", "", {}, "sha512-zxTgA0mSYELa66DimuNQDvyLq36AwDlTuVRbnQtB+VuTcKWm5Qc4z3WkSpgsFWHNhexqkIooqpv4hdcqrX5Nmg=="],

    "ms": ["ms@2.1.3", "", {}, "sha512-6FlzubTLZG3J2a/NVCAleEhjzq5oxgHyaCU9yYXvcLsvoVaHJq/s5xXI6/XXP6tz7R9xAOtHnSO/tXtF3WRTlA=="],

    "openapi-types": ["openapi-types@12.1.3", "", {}, "sha512-N4YtSYJqghVu4iek2ZUvcN/0aqH1kRDuNqzcycDxhOUpg7GdvLa2F3DgS6yBNhInhv2r/6I0Flkn7CqL8+nIcw=="],

    "picocolors": ["picocolors@1.1.1", "", {}, "sha512-xceH2snhtb5M9liqDsmEw56le376mTZkEX/jEb/RxNFyegNul7eNslCXP9FDj/Lcu0X8KEyMceP2ntpaHrDEVA=="],

    "playground": ["playground@workspace:playground"],

    "pluralize": ["pluralize@8.0.0", "", {}, "sha512-Nc3IT5yHzflTfbjgqWcCPpo7DaKy4FnpB0l/zCAW0Tc7jxAiuqSxHasntB3D7887LSrA93kDJ9IXovxJYxyLCA=="],

    "property-information": ["property-information@7.2.0", "", {}, "sha512-IAtzIB6sUiWaJYrX9smp3V46pBGbBeLFRGdh25kg1334VcBlD8HzhPeNIWQH9zhGmo2itIe25EHt9dQP7G5hmg=="],

    "sisteransi": ["sisteransi@1.0.5", "", {}, "sha512-bLGGlR1QxBcynn2d5YmDX4MGjlZvy2MRBDRNHLJ8VI6l6+9FUiyTFNJ0IveOSP0bcXgVDPRcfGqA0pjaqUpfVg=="],

    "slugify": ["slugify@1.6.9", "", {}, "sha512-vZ7rfeehZui7wQs438JXBckYLkIIdfHOXsaVEUMyS5fHo1483l1bMdo0EDSWYclY0yZKFOipDy4KHuKs6ssvdg=="],

    "stringify-attributes": ["stringify-attributes@4.0.0", "", { "dependencies": { "escape-goat": "^4.0.0" } }, "sha512-6Hq3K153wTTfhEHb4V/viuqmb0DRn08JCrRnmqc4Q/tmoNuvd4DEyqkiiJXtvVz8ZSUhlCQr7zCpCVTgrelesg=="],

    "strtok3": ["strtok3@10.3.5", "", { "dependencies": { "@tokenizer/token": "^0.3.0" } }, "sha512-ki4hZQfh5rX0QDLLkOCj+h+CVNkqmp/CMf8v8kZpkNVK6jGQooMytqzLZYUVYIZcFZ6yDB70EfD8POcFXiF5oA=="],

    "token-types": ["token-types@6.1.2", "", { "dependencies": { "@borewit/text-codec": "^0.2.1", "@tokenizer/token": "^0.3.0", "ieee754": "^1.2.1" } }, "sha512-dRXchy+C0IgK8WPC6xvCHFRIWYUbqqdEIKPaKo/AcTUNzwLTK6AH7RjdLWsEZcAN/TBdtfUw3PYEgPr5VPr6ww=="],

    "typescript": ["typescript@5.9.3", "", { "bin": { "tsc": "bin/tsc", "tsserver": "bin/tsserver" } }, "sha512-jl1vZzPDinLr9eUt3J/t7V6FgNEw9QjvBPdysz9KfQDD41fQrC2Y4vKQdiaUpFT4bXlb1RHhLpp8wtm6M5TgSw=="],

    "uint8array-extras": ["uint8array-extras@1.5.0", "", {}, "sha512-rvKSBiC5zqCCiDZ9kAOszZcDvdAHwwIKJG33Ykj43OKcWsnmcBRL09YTU4nOeHZ8Y2a7l1MgTd08SBe9A8Qj6A=="],

    "undici-types": ["undici-types@8.3.0", "", {}, "sha512-j375ScV60dom+YkPFIfTLcOiPxkN/buHz5GobjLhixFuANaNs3C9l4GmrWqejgXWJ7BbJcFYpTEUkS1Ge8bpZQ=="],
  }
}
